// !$*UTF8*$!
{
	archiveVersion = 1;
	classes = {
	};
	objectVersion = 46;
	objects = {

/* Begin PBXBuildFile section */
		1817955824A247CA9F871398 /* CoreFoundation.framework in Frameworks */ = {isa = PBXBuildFile; fileRef = EA5C1300C9792D32A5828940 /* CoreFoundation.framework */; };
		713678D803C442CA6C9CE718 /* IOKit.framework in Frameworks */ = {isa = PBXBuildFile; fileRef = 0BACC980CF188B320DBC2FC0 /* IOKit.framework */; };
		9130093853F069AAB1254778 /* QuartzCore.framework in Frameworks */ = {isa = PBXBuildFile; fileRef = 8B91C4E06FD8CD12F3C5FB20 /* QuartzCore.framework */; };
		92D78E7345CD982596EFF4B3 /* libGLFW.a in Frameworks */ = {isa = PBXBuildFile; fileRef = FB7D9EDBEF7CE84D7467FD1B /* libGLFW.a */; };
		B68AC1CC0D182C3EE591400C /* main.cpp in Sources */ = {isa = PBXBuildFile; fileRef = E21F5234E590246666FCC874 /* main.cpp */; };
		CF3176B9E91AD8EBA4A0ECF9 /* libCitromTech.a in Frameworks */ = {isa = PBXBuildFile; fileRef = 9A9630E130BF42D3F2259F21 /* libCitromTech.a */; };
		F8E8DBA28B76A594F44F49E2 /* Cocoa.framework in Frameworks */ = {isa = PBXBuildFile; fileRef = 8D6BC6AA50D7885C8F7B2CEA /* Cocoa.framework */; };
/* End PBXBuildFile section */

/* Begin PBXContainerItemProxy section */
		34709714563C444692F16D54 /* PBXContainerItemProxy */ = {
			isa = PBXContainerItemProxy;
			containerPortal = 2CED873C12848E6ED5C99D7C /* ../../CitromTech/CitromTech/CitromTech.xcodeproj */;
			proxyType = 2;
			remoteGlobalIDString = 8C37C1E1B25DF1931964E821;
			remoteInfo = libCitromTech.a;
		};
		7AC179D2A0E7A98407EEA012 /* PBXContainerItemProxy */ = {
			isa = PBXContainerItemProxy;
			containerPortal = CA04DE926251C4449098C4D2 /* ../../vendor/GLFW/GLFW.xcodeproj */;
			proxyType = 2;
			remoteGlobalIDString = FB2B399FFE9C0BD18008AFDF;
			remoteInfo = libGLFW.a;
		};
		86AB09ADA876B6DFE52BDFED /* PBXContainerItemProxy */ = {
			isa = PBXContainerItemProxy;
			containerPortal = 2CED873C12848E6ED5C99D7C /* ../../CitromTech/CitromTech/CitromTech.xcodeproj */;
			proxyType = 1;
			remoteGlobalIDString = 4C2E61A745946319392FBFE7;
			remoteInfo = libCitromTech.a;
		};
		CCFBEC6BF3221C1D5A2912AB /* PBXContainerItemProxy */ = {
			isa = PBXContainerItemProxy;
			containerPortal = CA04DE926251C4449098C4D2 /* ../../vendor/GLFW/GLFW.xcodeproj */;
			proxyType = 1;
			remoteGlobalIDString = 6E92D9A59D392D97F67A87E5;
			remoteInfo = libGLFW.a;
		};
/* End PBXContainerItemProxy section */

/* Begin PBXFileReference section */
		0BACC980CF188B320DBC2FC0 /* IOKit.framework */ = {isa = PBXFileReference; lastKnownFileType = wrapper.framework; name = IOKit.framework; path = System/Library/Frameworks/IOKit.framework; sourceTree = SDKROOT; };
		2CED873C12848E6ED5C99D7C /* libCitromTech.a */ = {isa = PBXFileReference; lastKnownFileType = "wrapper.pb-project"; name = "CitromTech.xcodeproj"; path = ../../CitromTech/CitromTech/CitromTech.xcodeproj; sourceTree = SOURCE_ROOT; };
		5EC6E72A01B50DDC90DAED6A /* CitromForge */ = {isa = PBXFileReference; explicitFileType = "compiled.mach-o.executable"; includeInIndex = 0; name = CitromForge; path = CitromForge; sourceTree = BUILT_PRODUCTS_DIR; };
		8B91C4E06FD8CD12F3C5FB20 /* QuartzCore.framework */ = {isa = PBXFileReference; lastKnownFileType = wrapper.framework; name = QuartzCore.framework; path = System/Library/Frameworks/QuartzCore.framework; sourceTree = SDKROOT; };
		8D6BC6AA50D7885C8F7B2CEA /* Cocoa.framework */ = {isa = PBXFileReference; lastKnownFileType = wrapper.framework; name = Cocoa.framework; path = System/Library/Frameworks/Cocoa.framework; sourceTree = SDKROOT; };
		CA04DE926251C4449098C4D2 /* libGLFW.a */ = {isa = PBXFileReference; lastKnownFileType = "wrapper.pb-project"; name = "GLFW.xcodeproj"; path = ../../vendor/GLFW/GLFW.xcodeproj; sourceTree = SOURCE_ROOT; };
		E21F5234E590246666FCC874 /* main.cpp */ = {isa = PBXFileReference; lastKnownFileType = sourcecode.cpp.cpp; name = main.cpp; path = src/main.cpp; sourceTree = "<group>"; };
		EA5C1300C9792D32A5828940 /* CoreFoundation.framework */ = {isa = PBXFileReference; lastKnownFileType = wrapper.framework; name = CoreFoundation.framework; path = System/Library/Frameworks/CoreFoundation.framework; sourceTree = SDKROOT; };
/* End PBXFileReference section */

/* Begin PBXFrameworksBuildPhase section */
		5FDFD79A0432754C166ABDDA /* Frameworks */ = {
			isa = PBXFrameworksBuildPhase;
			buildActionMask = 2147483647;
			files = (
				F8E8DBA28B76A594F44F49E2 /* Cocoa.framework in Frameworks */,
				713678D803C442CA6C9CE718 /* IOKit.framework in Frameworks */,
				1817955824A247CA9F871398 /* CoreFoundation.framework in Frameworks */,
				9130093853F069AAB1254778 /* QuartzCore.framework in Frameworks */,
				CF3176B9E91AD8EBA4A0ECF9 /* libCitromTech.a in Frameworks */,
				92D78E7345CD982596EFF4B3 /* libGLFW.a in Frameworks */,
			);
			runOnlyForDeploymentPostprocessing = 0;
		};
/* End PBXFrameworksBuildPhase section */

/* Begin PBXCopyFilesBuildPhase section */
		ACFF7686B07048B831DCECC6 /* Embed Libraries */ = {
			isa = PBXCopyFilesBuildPhase;
			buildActionMask = 2147483647;
			dstPath = "";
			dstSubfolderSpec = 10;
			files = (
			);
			name = "Embed Libraries";
			runOnlyForDeploymentPostprocessing = 0;
		};
/* End PBXCopyFilesBuildPhase section */

/* Begin PBXGroup section */
		014014D2FAA61644EE417312 /* Products */ = {
			isa = PBXGroup;
			children = (
				FB7D9EDBEF7CE84D7467FD1B /* libGLFW.a */,
			);
			name = Products;
			sourceTree = "<group>";
		};
		82FF91D4B29160C68D9EA014 /* Products */ = {
			isa = PBXGroup;
			children = (
				9A9630E130BF42D3F2259F21 /* libCitromTech.a */,
			);
			name = Products;
			sourceTree = "<group>";
		};
		9D968EAA920D05DCE0E0A4EA /* Projects */ = {
			isa = PBXGroup;
			children = (
				2CED873C12848E6ED5C99D7C /* CitromTech.xcodeproj */,
				CA04DE926251C4449098C4D2 /* GLFW.xcodeproj */,
			);
			name = Projects;
			sourceTree = "<group>";
		};
		A6C936B49B3FADE6EA134CF4 /* Products */ = {
			isa = PBXGroup;
			children = (
				5EC6E72A01B50DDC90DAED6A /* CitromForge */,
			);
			name = Products;
			sourceTree = "<group>";
		};
		B821C84122344A33BB5F3681 /* CitromForge */ = {
			isa = PBXGroup;
			children = (
				E21F5234E590246666FCC874 /* main.cpp */,
				BBF76781A7E87333FA200DC1 /* Frameworks */,
				A6C936B49B3FADE6EA134CF4 /* Products */,
				9D968EAA920D05DCE0E0A4EA /* Projects */,
			);
			name = CitromForge;
			sourceTree = "<group>";
		};
		BBF76781A7E87333FA200DC1 /* Frameworks */ = {
			isa = PBXGroup;
			children = (
				8D6BC6AA50D7885C8F7B2CEA /* Cocoa.framework */,
				0BACC980CF188B320DBC2FC0 /* IOKit.framework */,
				EA5C1300C9792D32A5828940 /* CoreFoundation.framework */,
				8B91C4E06FD8CD12F3C5FB20 /* QuartzCore.framework */,
			);
			name = Frameworks;
			sourceTree = "<group>";
		};
/* End PBXGroup section */

/* Begin PBXNativeTarget section */
		795981D0EAE49A4299E5C010 /* CitromForge */ = {
			isa = PBXNativeTarget;
			buildConfigurationList = 4E1B1FF9F26DBDAB04A60639 /* Build configuration list for PBXNativeTarget "CitromForge" */;
			buildPhases = (
				CFC7583A7419F5EC86523E7A /* Resources */,
				39747191DDC70F43EFFF57D1 /* Sources */,
				5FDFD79A0432754C166ABDDA /* Frameworks */,
				ACFF7686B07048B831DCECC6 /* Embed Libraries */,
			);
			buildRules = (
			);
			dependencies = (
				70B7CEDDA0499DCF7B56DD1D /* PBXTargetDependency */,
				EEF851DBE85E534DDBF9B01B /* PBXTargetDependency */,
			);
			name = CitromForge;
			productInstallPath = "$(HOME)/bin";
			productName = CitromForge;
			productReference = 5EC6E72A01B50DDC90DAED6A /* CitromForge */;
			productType = "com.apple.product-type.tool";
		};
/* End PBXNativeTarget section */

/* Begin PBXProject section */
		08FB7793FE84155DC02AAC07 /* Project object */ = {
			isa = PBXProject;
			buildConfigurationList = 1DEB928908733DD80010E9CD /* Build configuration list for PBXProject "CitromForge" */;
			compatibilityVersion = "Xcode 3.2";
			hasScannedForEncodings = 1;
			mainGroup = B821C84122344A33BB5F3681 /* CitromForge */;
			projectDirPath = "";
			projectReferences = (
				{
					ProductGroup = 82FF91D4B29160C68D9EA014 /* Products */;
					ProjectRef = 2CED873C12848E6ED5C99D7C /* CitromTech.xcodeproj */;
				},
				{
					ProductGroup = 014014D2FAA61644EE417312 /* Products */;
					ProjectRef = CA04DE926251C4449098C4D2 /* GLFW.xcodeproj */;
				},
			);
			projectRoot = "";
			targets = (
				795981D0EAE49A4299E5C010 /* CitromForge */,
			);
		};
/* End PBXProject section */

/* Begin PBXReferenceProxy section */
		9A9630E130BF42D3F2259F21 /* libCitromTech.a */ = {
			isa = PBXReferenceProxy;
			fileType = archive.ar;
			path = libCitromTech.a;
			remoteRef = 34709714563C444692F16D54 /* PBXContainerItemProxy */;
			sourceTree = BUILT_PRODUCTS_DIR;
		};
		FB7D9EDBEF7CE84D7467FD1B /* libGLFW.a */ = {
			isa = PBXReferenceProxy;
			fileType = archive.ar;
			path = libGLFW.a;
			remoteRef = 7AC179D2A0E7A98407EEA012 /* PBXContainerItemProxy */;
			sourceTree = BUILT_PRODUCTS_DIR;
		};
/* End PBXReferenceProxy section */

/* Begin PBXResourcesBuildPhase section */
		CFC7583A7419F5EC86523E7A /* Resources */ = {
			isa = PBXResourcesBuildPhase;
			buildActionMask = 2147483647;
			files = (
			);
			runOnlyForDeploymentPostprocessing = 0;
		};
/* End PBXResourcesBuildPhase section */

/* Begin PBXSourcesBuildPhase section */
		39747191DDC70F43EFFF57D1 /* Sources */ = {
			isa = PBXSourcesBuildPhase;
			buildActionMask = 2147483647;
			files = (
				B68AC1CC0D182C3EE591400C /* main.cpp in Sources */,
			);
			runOnlyForDeploymentPostprocessing = 0;
		};
/* End PBXSourcesBuildPhase section */

/* Begin PBXTargetDependency section */
		70B7CEDDA0499DCF7B56DD1D /* PBXTargetDependency */ = {
			isa = PBXTargetDependency;
			name = libCitromTech.a;
			targetProxy = 86AB09ADA876B6DFE52BDFED /* PBXContainerItemProxy */;
		};
		EEF851DBE85E534DDBF9B01B /* PBXTargetDependency */ = {
			isa = PBXTargetDependency;
			name = libGLFW.a;
			targetProxy = CCFBEC6BF3221C1D5A2912AB /* PBXContainerItemProxy */;
		};
/* End PBXTargetDependency section */

/* Begin PBXVariantGroup section */
/* End PBXVariantGroup section */

/* Begin XCBuildConfiguration section */
		38E3282ADBD14EDC6AF72E6A /* Release */ = {
			isa = XCBuildConfiguration;
			buildSettings = {
				CLANG_CXX_LANGUAGE_STANDARD = "c++1z";
				CONFIGURATION_BUILD_DIR = "$(SYMROOT)";
				CONFIGURATION_TEMP_DIR = "$(OBJROOT)";
				GCC_OPTIMIZATION_LEVEL = 3;
				GCC_PREPROCESSOR_DEFINITIONS = (
					CT_PLATFORM_MACOS,
					CT_RELEASE,
				);
				GCC_SYMBOLS_PRIVATE_EXTERN = NO;
				GCC_WARN_ABOUT_RETURN_TYPE = YES;
				GCC_WARN_UNUSED_VARIABLE = YES;
				OBJROOT = "../../bin-intermediate/Release-macosx-ARM/CitromForge";
				ONLY_ACTIVE_ARCH = NO;
				SYMROOT = "../../bin/Release-macosx-ARM/CitromForge";
				USER_HEADER_SEARCH_PATHS = (
					../../CitromTech/CitromTech/src,
				);
			};
			name = Release;
		};
		3CD73D9027C363826FA92BD0 /* Optimization */ = {
			isa = XCBuildConfiguration;
			buildSettings = {
				CLANG_CXX_LANGUAGE_STANDARD = "c++1z";
				CONFIGURATION_BUILD_DIR = "$(SYMROOT)";
				CONFIGURATION_TEMP_DIR = "$(OBJROOT)";
				GCC_OPTIMIZATION_LEVEL = fast;
				GCC_PREPROCESSOR_DEFINITIONS = (
					CT_PLATFORM_MACOS,
					CT_OPTIMIZATION,
				);
				GCC_SYMBOLS_PRIVATE_EXTERN = NO;
				GCC_WARN_ABOUT_RETURN_TYPE = YES;
				GCC_WARN_UNUSED_VARIABLE = YES;
				OBJROOT = "../../bin-intermediate/Optimization-macosx-ARM/CitromForge";
				ONLY_ACTIVE_ARCH = NO;
				SYMROOT = "../../bin/Optimization-macosx-ARM/CitromForge";
				USER_HEADER_SEARCH_PATHS = (
					../../CitromTech/CitromTech/src,
				);
			};
			name = Optimization;
		};
		4BF5F23F7430AAF15BCC387F /* Debug */ = {
			isa = XCBuildConfiguration;
			buildSettings = {
				ALWAYS_SEARCH_USER_PATHS = NO;
				CONFIGURATION_BUILD_DIR = "../../bin/Debug-macosx-ARM/CitromForge";
				DEBUG_INFORMATION_FORMAT = "dwarf-with-dsym";
				GCC_DYNAMIC_NO_PIC = NO;
				INSTALL_PATH = /usr/local/bin;
				MACOSX_DEPLOYMENT_TARGET = 15.0;
				PRODUCT_NAME = CitromForge;
			};
			name = Debug;
		};
		67FE98F989CA462BC67F6F39 /* Release */ = {
			isa = XCBuildConfiguration;
			buildSettings = {
				ALWAYS_SEARCH_USER_PATHS = NO;
				CONFIGURATION_BUILD_DIR = "../../bin/Release-macosx-ARM/CitromForge";
				GCC_DYNAMIC_NO_PIC = NO;
				INSTALL_PATH = /usr/local/bin;
				MACOSX_DEPLOYMENT_TARGET = 15.0;
				PRODUCT_NAME = CitromForge;
			};
			name = Release;
		};
		6C6F11F06FDFE422F14C8830 /* Debug */ = {
			isa = XCBuildConfiguration;
			buildSettings = {
				CLANG_CXX_LANGUAGE_STANDARD = "c++1z";
				CONFIGURATION_BUILD_DIR = "$(SYMROOT)";
				CONFIGURATION_TEMP_DIR = "$(OBJROOT)";
				COPY_PHASE_STRIP = NO;
				GCC_ENABLE_FIX_AND_CONTINUE = YES;
				GCC_OPTIMIZATION_LEVEL = 0;
				GCC_PREPROCESSOR_DEFINITIONS = (
					CT_PLATFORM_MACOS,
					CT_DEBUG,
				);
				GCC_SYMBOLS_PRIVATE_EXTERN = NO;
				GCC_WARN_ABOUT_RETURN_TYPE = YES;
				GCC_WARN_UNUSED_VARIABLE = YES;
				OBJROOT = "../../bin-intermediate/Debug-macosx-ARM/CitromForge";
				ONLY_ACTIVE_ARCH = YES;
				SYMROOT = "../../bin/Debug-macosx-ARM/CitromForge";
				USER_HEADER_SEARCH_PATHS = (
					../../CitromTech/CitromTech/src,
				);
			};
			name = Debug;
		};
		AAC125DFA482E251DE81E41F /* Optimization */ = {
			isa = XCBuildConfiguration;
			buildSettings = {
				ALWAYS_SEARCH_USER_PATHS = NO;
				CONFIGURATION_BUILD_DIR = "../../bin/Optimization-macosx-ARM/CitromForge";
				GCC_DYNAMIC_NO_PIC = NO;
				INSTALL_PATH = /usr/local/bin;
				MACOSX_DEPLOYMENT_TARGET = 15.0;
				PRODUCT_NAME = CitromForge;
			};
			name = Optimization;
		};
/* End XCBuildConfiguration section */

/* Begin XCConfigurationList section */
		1DEB928908733DD80010E9CD /* Build configuration list for PBXProject "CitromForge" */ = {
			isa = XCConfigurationList;
			buildConfigurations = (
				6C6F11F06FDFE422F14C8830 /* Debug */,
				6C6F11F06FDFE422F14C8830 /* Debug */,
				38E3282ADBD14EDC6AF72E6A /* Release */,
				38E3282ADBD14EDC6AF72E6A /* Release */,
				3CD73D9027C363826FA92BD0 /* Optimization */,
				3CD73D9027C363826FA92BD0 /* Optimization */,
			);
			defaultConfigurationIsVisible = 0;
			defaultConfigurationName = Debug;
		};
		4E1B1FF9F26DBDAB04A60639 /* Build configuration list for PBXNativeTarget "CitromForge" */ = {
			isa = XCConfigurationList;
			buildConfigurations = (
				4BF5F23F7430AAF15BCC387F /* Debug */,
				4BF5F23F7430AAF15BCC387F /* Debug */,
				67FE98F989CA462BC67F6F39 /* Release */,
				67FE98F989CA462BC67F6F39 /* Release */,
				AAC125DFA482E251DE81E41F /* Optimization */,
				AAC125DFA482E251DE81E41F /* Optimization */,
			);
			defaultConfigurationIsVisible = 0;
			defaultConfigurationName = Debug;
		};
/* End XCConfigurationList section */
};
rootObject = 08FB7793FE84155DC02AAC07 /* Project object */;
}